dependencies:
- name: gluon
  repository: oci://registry1.dso.mil/bigbang
  version: 0.4.1
- name: mysql
  repository: oci://registry-1.docker.io/bitnamicharts
  version: 9.12.3
digest: sha256:6d6900d347bfff2360d92011536799de525a91612e43dad0ec3fde41274fa8e0
generated: "2023-09-27T08:46:27.622524-07:00"
