dependencies:
- name: gluon
  repository: oci://registry1.dso.mil/bigbang
  version: 0.4.1
- name: mysql
  repository: oci://registry-1.docker.io/bitnamicharts
  version: 9.12.0
digest: sha256:7d18d293648f6bcd2530d6db2ea108963b07a99e7af8806383ab0a6360b3968d
generated: "2023-09-20T08:39:15.166239-05:00"
